
Microsoft Visual Studio Solution File, Format Version 12.00
# Visual Studio 14
VisualStudioVersion = 14.0.23107.0
MinimumVisualStudioVersion = 10.0.40219.1
Project("{FAE04EC0-301F-11D3-BF4B-00C04F79EFBC}") = "wp1czerwca", "wp1czerwca\wp1czerwca.csproj", "{DB45976D-2610-47A1-B60A-334BA04F90D5}"
EndProject
Global
	GlobalSection(SolutionConfigurationPlatforms) = preSolution
		Debug|Any CPU = Debug|Any CPU
		Release|Any CPU = Release|Any CPU
	EndGlobalSection
	GlobalSection(ProjectConfigurationPlatforms) = postSolution
		{DB45976D-2610-47A1-B60A-334BA04F90D5}.Debug|Any CPU.ActiveCfg = Debug|Any CPU
		{DB45976D-2610-47A1-B60A-334BA04F90D5}.Debug|Any CPU.Build.0 = Debug|Any CPU
		{DB45976D-2610-47A1-B60A-334BA04F90D5}.Release|Any CPU.ActiveCfg = Release|Any CPU
		{DB45976D-2610-47A1-B60A-334BA04F90D5}.Release|Any CPU.Build.0 = Release|Any CPU
	EndGlobalSection
	GlobalSection(SolutionProperties) = preSolution
		HideSolutionNode = FALSE
	EndGlobalSection
EndGlobal
